
Microsoft Visual Studio Solution File, Format Version 12.00
# Visual Studio 15
VisualStudioVersion = 15.0.27703.2026
MinimumVisualStudioVersion = 10.0.40219.1
Project("{FAE04EC0-301F-11D3-BF4B-00C04F79EFBC}") = "Kalkulator", "Kalkulator\Kalkulator.csproj", "{5BE14A9A-38DB-42B2-A368-60081F3D4C45}"
EndProject
Project("{FAE04EC0-301F-11D3-BF4B-00C04F79EFBC}") = "KalkulatorTests", "KalkulatorTests\KalkulatorTests.csproj", "{98BE883A-A30C-4248-B07D-3D6D0C13ADBB}"
EndProject
Global
	GlobalSection(SolutionConfigurationPlatforms) = preSolution
		Debug|Any CPU = Debug|Any CPU
		Release|Any CPU = Release|Any CPU
	EndGlobalSection
	GlobalSection(ProjectConfigurationPlatforms) = postSolution
		{5BE14A9A-38DB-42B2-A368-60081F3D4C45}.Debug|Any CPU.ActiveCfg = Debug|Any CPU
		{5BE14A9A-38DB-42B2-A368-60081F3D4C45}.Debug|Any CPU.Build.0 = Debug|Any CPU
		{5BE14A9A-38DB-42B2-A368-60081F3D4C45}.Release|Any CPU.ActiveCfg = Release|Any CPU
		{5BE14A9A-38DB-42B2-A368-60081F3D4C45}.Release|Any CPU.Build.0 = Release|Any CPU
		{98BE883A-A30C-4248-B07D-3D6D0C13ADBB}.Debug|Any CPU.ActiveCfg = Debug|Any CPU
		{98BE883A-A30C-4248-B07D-3D6D0C13ADBB}.Debug|Any CPU.Build.0 = Debug|Any CPU
		{98BE883A-A30C-4248-B07D-3D6D0C13ADBB}.Release|Any CPU.ActiveCfg = Release|Any CPU
		{98BE883A-A30C-4248-B07D-3D6D0C13ADBB}.Release|Any CPU.Build.0 = Release|Any CPU
	EndGlobalSection
	GlobalSection(SolutionProperties) = preSolution
		HideSolutionNode = FALSE
	EndGlobalSection
	GlobalSection(ExtensibilityGlobals) = postSolution
		SolutionGuid = {C5F24E44-4CC5-425C-95C7-DEBCCD9EA207}
	EndGlobalSection
EndGlobal
